
Microsoft Visual Studio Solution File, Format Version 12.00
# Visual Studio Version 16
VisualStudioVersion = 16.0.31729.503
MinimumVisualStudioVersion = 10.0.40219.1
Project("{FAE04EC0-301F-11D3-BF4B-00C04F79EFBC}") = "Fraktale", "Fraktale\Fraktale.csproj", "{EABCFDCD-8FA5-4A3B-9EF6-6D2C200CD55C}"
EndProject
Global
	GlobalSection(SolutionConfigurationPlatforms) = preSolution
		Debug|Any CPU = Debug|Any CPU
		Release|Any CPU = Release|Any CPU
	EndGlobalSection
	GlobalSection(ProjectConfigurationPlatforms) = postSolution
		{EABCFDCD-8FA5-4A3B-9EF6-6D2C200CD55C}.Debug|Any CPU.ActiveCfg = Debug|Any CPU
		{EABCFDCD-8FA5-4A3B-9EF6-6D2C200CD55C}.Debug|Any CPU.Build.0 = Debug|Any CPU
		{EABCFDCD-8FA5-4A3B-9EF6-6D2C200CD55C}.Release|Any CPU.ActiveCfg = Release|Any CPU
		{EABCFDCD-8FA5-4A3B-9EF6-6D2C200CD55C}.Release|Any CPU.Build.0 = Release|Any CPU
	EndGlobalSection
	GlobalSection(SolutionProperties) = preSolution
		HideSolutionNode = FALSE
	EndGlobalSection
	GlobalSection(ExtensibilityGlobals) = postSolution
		SolutionGuid = {8C2E73C5-CF32-4293-BF95-6AC5807557C9}
	EndGlobalSection
EndGlobal
